Microsoft Visual Studio Solution File, Format Version 12.00
# Visual Studio Version 16
VisualStudioVersion = 16.0.0.0
MinimumVisualStudioVersion = 16.0.0.0
Project("{9A19103F-16F7-4668-BE54-9A1E7A4F7556}") = "ChatPoint.Server", "Server\ChatPoint.Server.csproj", "{72C9884E-5683-40FF-A285-2BDEF8861048}"
EndProject
Project("{9A19103F-16F7-4668-BE54-9A1E7A4F7556}") = "ChatPoint.Client", "Client\ChatPoint.Client.csproj", "{7F4B883A-D3F3-4D51-8E27-C5CB233BDF3C}"
EndProject
Project("{9A19103F-16F7-4668-BE54-9A1E7A4F7556}") = "ChatPoint.Shared", "Shared\ChatPoint.Shared.csproj", "{5F7C3C88-FAF9-450C-AF4D-9D069A053E79}"
EndProject
Global
	GlobalSection(SolutionConfigurationPlatforms) = preSolution
		Debug|Any CPU = Debug|Any CPU
		Debug|x64 = Debug|x64
		Debug|x86 = Debug|x86
		Release|Any CPU = Release|Any CPU
		Release|x64 = Release|x64
		Release|x86 = Release|x86
	EndGlobalSection
	GlobalSection(ProjectConfigurationPlatforms) = postSolution
		{7F4B883A-D3F3-4D51-8E27-C5CB233BDF3C}.Debug|Any CPU.ActiveCfg = Debug|Any CPU
		{7F4B883A-D3F3-4D51-8E27-C5CB233BDF3C}.Debug|Any CPU.Build.0 = Debug|Any CPU
		{7F4B883A-D3F3-4D51-8E27-C5CB233BDF3C}.Debug|x64.ActiveCfg = Debug|Any CPU
		{7F4B883A-D3F3-4D51-8E27-C5CB233BDF3C}.Debug|x64.Build.0 = Debug|Any CPU
		{7F4B883A-D3F3-4D51-8E27-C5CB233BDF3C}.Debug|x86.ActiveCfg = Debug|Any CPU
		{7F4B883A-D3F3-4D51-8E27-C5CB233BDF3C}.Debug|x86.Build.0 = Debug|Any CPU
		{7F4B883A-D3F3-4D51-8E27-C5CB233BDF3C}.Release|Any CPU.ActiveCfg = Release|Any CPU
		{7F4B883A-D3F3-4D51-8E27-C5CB233BDF3C}.Release|Any CPU.Build.0 = Release|Any CPU
		{7F4B883A-D3F3-4D51-8E27-C5CB233BDF3C}.Release|x64.ActiveCfg = Release|Any CPU
		{7F4B883A-D3F3-4D51-8E27-C5CB233BDF3C}.Release|x64.Build.0 = Release|Any CPU
		{7F4B883A-D3F3-4D51-8E27-C5CB233BDF3C}.Release|x86.ActiveCfg = Release|Any CPU
		{7F4B883A-D3F3-4D51-8E27-C5CB233BDF3C}.Release|x86.Build.0 = Release|Any CPU
		{72C9884E-5683-40FF-A285-2BDEF8861048}.Debug|Any CPU.ActiveCfg = Debug|Any CPU
		{72C9884E-5683-40FF-A285-2BDEF8861048}.Debug|Any CPU.Build.0 = Debug|Any CPU
		{72C9884E-5683-40FF-A285-2BDEF8861048}.Debug|x64.ActiveCfg = Debug|Any CPU
		{72C9884E-5683-40FF-A285-2BDEF8861048}.Debug|x64.Build.0 = Debug|Any CPU
		{72C9884E-5683-40FF-A285-2BDEF8861048}.Debug|x86.ActiveCfg = Debug|Any CPU
		{72C9884E-5683-40FF-A285-2BDEF8861048}.Debug|x86.Build.0 = Debug|Any CPU
		{72C9884E-5683-40FF-A285-2BDEF8861048}.Release|Any CPU.ActiveCfg = Release|Any CPU
		{72C9884E-5683-40FF-A285-2BDEF8861048}.Release|Any CPU.Build.0 = Release|Any CPU
		{72C9884E-5683-40FF-A285-2BDEF8861048}.Release|x64.ActiveCfg = Release|Any CPU
		{72C9884E-5683-40FF-A285-2BDEF8861048}.Release|x64.Build.0 = Release|Any CPU
		{72C9884E-5683-40FF-A285-2BDEF8861048}.Release|x86.ActiveCfg = Release|Any CPU
		{72C9884E-5683-40FF-A285-2BDEF8861048}.Release|x86.Build.0 = Release|Any CPU
		{5F7C3C88-FAF9-450C-AF4D-9D069A053E79}.Debug|Any CPU.ActiveCfg = Debug|Any CPU
		{5F7C3C88-FAF9-450C-AF4D-9D069A053E79}.Debug|Any CPU.Build.0 = Debug|Any CPU
		{5F7C3C88-FAF9-450C-AF4D-9D069A053E79}.Debug|x64.ActiveCfg = Debug|Any CPU
		{5F7C3C88-FAF9-450C-AF4D-9D069A053E79}.Debug|x64.Build.0 = Debug|Any CPU
		{5F7C3C88-FAF9-450C-AF4D-9D069A053E79}.Debug|x86.ActiveCfg = Debug|Any CPU
		{5F7C3C88-FAF9-450C-AF4D-9D069A053E79}.Debug|x86.Build.0 = Debug|Any CPU
		{5F7C3C88-FAF9-450C-AF4D-9D069A053E79}.Release|Any CPU.ActiveCfg = Release|Any CPU
		{5F7C3C88-FAF9-450C-AF4D-9D069A053E79}.Release|Any CPU.Build.0 = Release|Any CPU
		{5F7C3C88-FAF9-450C-AF4D-9D069A053E79}.Release|x64.ActiveCfg = Release|Any CPU
		{5F7C3C88-FAF9-450C-AF4D-9D069A053E79}.Release|x64.Build.0 = Release|Any CPU
		{5F7C3C88-FAF9-450C-AF4D-9D069A053E79}.Release|x86.ActiveCfg = Release|Any CPU
		{5F7C3C88-FAF9-450C-AF4D-9D069A053E79}.Release|x86.Build.0 = Release|Any CPU
	EndGlobalSection
	GlobalSection(SolutionProperties) = preSolution
		HideSolutionNode = FALSE
	EndGlobalSection
	GlobalSection(ExtensibilityGlobals) = postSolution
		SolutionGuid = {6F65742E-63AD-489E-AB9B-2011A6CD768A}
	EndGlobalSection
EndGlobal